
Microsoft Visual Studio Solution File, Format Version 12.00
# Visual Studio Version 16
VisualStudioVersion = 16.0.31005.135
MinimumVisualStudioVersion = 10.0.40219.1
Project("{9A19103F-16F7-4668-BE54-9A1E7A4F7556}") = "Lowque.WebApp", "Lowque.WebApp\Lowque.WebApp.csproj", "{014EFF8F-C234-450B-BA4A-525A48B7E350}"
EndProject
Project("{9A19103F-16F7-4668-BE54-9A1E7A4F7556}") = "Lowque.BusinessLogic", "Lowque.BusinessLogic\Lowque.BusinessLogic.csproj", "{5866CBA8-389A-4566-BB61-E71A9675E37F}"
EndProject
Project("{9A19103F-16F7-4668-BE54-9A1E7A4F7556}") = "Lowque.DataAccess", "Lowque.DataAccess\Lowque.DataAccess.csproj", "{78EBB526-D466-4E8F-BA1B-41E82215CEC2}"
EndProject
Global
	GlobalSection(SolutionConfigurationPlatforms) = preSolution
		Debug|Any CPU = Debug|Any CPU
		Release|Any CPU = Release|Any CPU
	EndGlobalSection
	GlobalSection(ProjectConfigurationPlatforms) = postSolution
		{014EFF8F-C234-450B-BA4A-525A48B7E350}.Debug|Any CPU.ActiveCfg = Debug|Any CPU
		{014EFF8F-C234-450B-BA4A-525A48B7E350}.Debug|Any CPU.Build.0 = Debug|Any CPU
		{014EFF8F-C234-450B-BA4A-525A48B7E350}.Release|Any CPU.ActiveCfg = Release|Any CPU
		{014EFF8F-C234-450B-BA4A-525A48B7E350}.Release|Any CPU.Build.0 = Release|Any CPU
		{5866CBA8-389A-4566-BB61-E71A9675E37F}.Debug|Any CPU.ActiveCfg = Debug|Any CPU
		{5866CBA8-389A-4566-BB61-E71A9675E37F}.Debug|Any CPU.Build.0 = Debug|Any CPU
		{5866CBA8-389A-4566-BB61-E71A9675E37F}.Release|Any CPU.ActiveCfg = Release|Any CPU
		{5866CBA8-389A-4566-BB61-E71A9675E37F}.Release|Any CPU.Build.0 = Release|Any CPU
		{78EBB526-D466-4E8F-BA1B-41E82215CEC2}.Debug|Any CPU.ActiveCfg = Debug|Any CPU
		{78EBB526-D466-4E8F-BA1B-41E82215CEC2}.Debug|Any CPU.Build.0 = Debug|Any CPU
		{78EBB526-D466-4E8F-BA1B-41E82215CEC2}.Release|Any CPU.ActiveCfg = Release|Any CPU
		{78EBB526-D466-4E8F-BA1B-41E82215CEC2}.Release|Any CPU.Build.0 = Release|Any CPU
	EndGlobalSection
	GlobalSection(SolutionProperties) = preSolution
		HideSolutionNode = FALSE
	EndGlobalSection
	GlobalSection(ExtensibilityGlobals) = postSolution
		SolutionGuid = {86A09DA7-3A8F-407A-815C-E1AC19BEC64D}
	EndGlobalSection
EndGlobal
